# THIS IS AN AUTOGENERATED FILE. DO NOT EDIT THIS FILE DIRECTLY.
# yarn lockfile v1


dotenv@^6.2.0:
  version "6.2.0"
  resolved "https://registry.yarnpkg.com/dotenv/-/dotenv-6.2.0.tgz#941c0410535d942c8becf28d3f357dbd9d476064"
  integrity sha512-HygQCKUBSFl8wKQZBSemMywRWcEDNidvNbjGVyZu3nbZ8qq9ubiPoGLMdRDpfSrpkkm9BXYFkpKxxFX38o/76w==

env-paths@^2.0.0:
  version "2.0.0"
  resolved "https://registry.yarnpkg.com/env-paths/-/env-paths-2.0.0.tgz#5a71723f3df7ca98113541f6fa972184f2c9611d"
  integrity sha512-13VpSqOO91W3MskXxWJ8x+Y33RKaPT53/HviPp8QcMmEbAJaPFEm8BmMpxCHroJ5rGADqr34Zl6zosBt3F+xAA==

expand-home-dir@^0.0.3:
  version "0.0.3"
  resolved "https://registry.yarnpkg.com/expand-home-dir/-/expand-home-dir-0.0.3.tgz#72de8a0486cc28a3bbd704635398825b5b62827d"
  integrity sha1-ct6KBIbMKKO71wRjU5iCW1tign0=
